
Microsoft Visual Studio Solution File, Format Version 12.00
# Visual Studio Version 17
VisualStudioVersion = 17.9.34714.143
MinimumVisualStudioVersion = 10.0.40219.1
Project("{9A19103F-16F7-4668-BE54-9A1E7A4F7556}") = "Waigaya3_HandsOn", "Waigaya3_HandsOn.csproj", "{B95365AB-8E7A-49FC-85EF-B402137F9017}"
EndProject
Global
	GlobalSection(SolutionConfigurationPlatforms) = preSolution
		Debug|Any CPU = Debug|Any CPU
		Release|Any CPU = Release|Any CPU
	EndGlobalSection
	GlobalSection(ProjectConfigurationPlatforms) = postSolution
		{B95365AB-8E7A-49FC-85EF-B402137F9017}.Debug|Any CPU.ActiveCfg = Debug|Any CPU
		{B95365AB-8E7A-49FC-85EF-B402137F9017}.Debug|Any CPU.Build.0 = Debug|Any CPU
		{B95365AB-8E7A-49FC-85EF-B402137F9017}.Release|Any CPU.ActiveCfg = Release|Any CPU
		{B95365AB-8E7A-49FC-85EF-B402137F9017}.Release|Any CPU.Build.0 = Release|Any CPU
	EndGlobalSection
	GlobalSection(SolutionProperties) = preSolution
		HideSolutionNode = FALSE
	EndGlobalSection
	GlobalSection(ExtensibilityGlobals) = postSolution
		SolutionGuid = {4D78D504-3DA9-4213-9810-5AF073CC94E0}
	EndGlobalSection
EndGlobal
